
Microsoft Visual Studio Solution File, Format Version 12.00
# Visual Studio Version 16
VisualStudioVersion = 16.0.30330.147
MinimumVisualStudioVersion = 10.0.40219.1
Project("{2150E333-8FDC-42A3-9474-1A3956D46DE8}") = "src", "src", "{37D35199-2A61-4A87-943F-06284BA0601F}"
EndProject
Project("{2150E333-8FDC-42A3-9474-1A3956D46DE8}") = "Domain", "Domain", "{81DBB923-3D24-4961-8B58-9F1EB82B395D}"
EndProject
Project("{2150E333-8FDC-42A3-9474-1A3956D46DE8}") = "Endpoints", "Endpoints", "{BE98D4E5-5EB5-4FD6-BB5F-1A2E8AB38E87}"
EndProject
Project("{2150E333-8FDC-42A3-9474-1A3956D46DE8}") = "Infra", "Infra", "{4024AAA1-0211-49A2-AECF-962F9BD805F3}"
EndProject
Project("{2150E333-8FDC-42A3-9474-1A3956D46DE8}") = "Services", "Services", "{082085DC-12C6-4937-801F-0FB2E934AE9E}"
EndProject
Project("{2150E333-8FDC-42A3-9474-1A3956D46DE8}") = "Utils", "Utils", "{F0E0BE2A-8000-450D-A0AF-61570A9E0D21}"
EndProject
Project("{2150E333-8FDC-42A3-9474-1A3956D46DE8}") = "Playground", "Playground", "{D70B95F7-C036-4BE8-B051-9BC386EE004F}"
EndProject
Project("{9A19103F-16F7-4668-BE54-9A1E7A4F7556}") = "Base.Domain", "Base.Domain\Base.Domain.csproj", "{D01BC4B8-9977-4C75-9035-E1FA937EADD4}"
EndProject
Project("{9A19103F-16F7-4668-BE54-9A1E7A4F7556}") = "MyCloset.Domain", "MyCloset.Domain\MyCloset.Domain.csproj", "{E3E4986C-01C5-4607-A09C-E680E577F91D}"
EndProject
Project("{9A19103F-16F7-4668-BE54-9A1E7A4F7556}") = "Base.Settings", "Base.Settings\Base.Settings.csproj", "{AC2B5EC9-C5BF-4195-B803-35D8507146F3}"
EndProject
Project("{9A19103F-16F7-4668-BE54-9A1E7A4F7556}") = "Util", "Util\Util.csproj", "{BDB2CC0C-F910-46DE-ABAC-24B600053560}"
EndProject
Project("{9A19103F-16F7-4668-BE54-9A1E7A4F7556}") = "Infra.NH", "Infra.NH\Infra.NH.csproj", "{1CAA5380-0984-42BF-B989-347E09862768}"
EndProject
Project("{9A19103F-16F7-4668-BE54-9A1E7A4F7556}") = "Infra.Abstractions", "Infra.Abstractions\Infra.Abstractions.csproj", "{D270EF3B-888A-4537-98BD-4A449B00FB8E}"
EndProject
Project("{9A19103F-16F7-4668-BE54-9A1E7A4F7556}") = "MyCloset.Infra.Map", "MyCloset.Infra.Map\MyCloset.Infra.Map.csproj", "{F341BB42-4E4A-4CB0-8F6A-0D823B48063C}"
EndProject
Project("{9A19103F-16F7-4668-BE54-9A1E7A4F7556}") = "MyCloset.Infra.Abstractions", "MyCloset.Infra.Abstractions\MyCloset.Infra.Abstractions.csproj", "{8963F123-D467-4213-BE50-4B89ADEFD9D7}"
EndProject
Project("{9A19103F-16F7-4668-BE54-9A1E7A4F7556}") = "MyCloset.Infra.NH", "MyCloset.Infra.NH\MyCloset.Infra.NH.csproj", "{90F84518-4169-4793-ABD9-D9B26E25AA9D}"
EndProject
Project("{9A19103F-16F7-4668-BE54-9A1E7A4F7556}") = "MyCloset.Infra.File", "MyCloset.Infra.File\MyCloset.Infra.File.csproj", "{B70F9276-17F4-483E-8968-69BB45200557}"
EndProject
Project("{9A19103F-16F7-4668-BE54-9A1E7A4F7556}") = "MyCloset.Services.Abstractions", "MyCloset.Services.Abstraction\MyCloset.Services.Abstractions.csproj", "{6C7F8926-E0B9-46AA-8347-1A72A1272CB0}"
EndProject
Project("{9A19103F-16F7-4668-BE54-9A1E7A4F7556}") = "MyCloset.Services", "MyCloset.Services\MyCloset.Services.csproj", "{D6BE43A6-3B41-474D-A38F-DF979B6B4323}"
EndProject
Project("{9A19103F-16F7-4668-BE54-9A1E7A4F7556}") = "PlaygroundField", "PlaygroundField\PlaygroundField.csproj", "{E0DA3149-1EB1-4D2D-99B3-D9B462541EDF}"
EndProject
Project("{2150E333-8FDC-42A3-9474-1A3956D46DE8}") = "Globalization", "Globalization", "{F2A1D917-E456-4400-BFF7-53974861BF17}"
EndProject
Project("{9A19103F-16F7-4668-BE54-9A1E7A4F7556}") = "Resources", "Resources\Resources.csproj", "{9894954C-13A3-41FF-8A35-7EE42089D3DC}"
EndProject
Project("{2150E333-8FDC-42A3-9474-1A3956D46DE8}") = "Exceptions", "Exceptions", "{3868DD6B-04E3-4EFE-BDA1-7D1E6B6431E9}"
EndProject
Project("{9A19103F-16F7-4668-BE54-9A1E7A4F7556}") = "Exceptions", "Exceptions\Exceptions.csproj", "{54C21B07-11E2-4634-9843-A8AF5E784892}"
EndProject
Project("{9A19103F-16F7-4668-BE54-9A1E7A4F7556}") = "API", "API\API.csproj", "{3A2820D5-1B90-48A3-AA74-B8C9808F6788}"
EndProject
Project("{2150E333-8FDC-42A3-9474-1A3956D46DE8}") = "Auth", "Auth", "{8C30A1BE-1410-462D-83F9-58DDEBAF0250}"
EndProject
Project("{9A19103F-16F7-4668-BE54-9A1E7A4F7556}") = "Auth", "Auth\Auth.csproj", "{9A2A1B10-8731-4686-9BCC-2CB8E16CEE75}"
EndProject
Project("{9A19103F-16F7-4668-BE54-9A1E7A4F7556}") = "Auth.Abstractions", "Auth.Abstractions\Auth.Abstractions.csproj", "{C7C74356-44BB-4357-B838-416D55700104}"
EndProject
Global
	GlobalSection(SolutionConfigurationPlatforms) = preSolution
		Debug|Any CPU = Debug|Any CPU
		Release|Any CPU = Release|Any CPU
	EndGlobalSection
	GlobalSection(ProjectConfigurationPlatforms) = postSolution
		{D01BC4B8-9977-4C75-9035-E1FA937EADD4}.Debug|Any CPU.ActiveCfg = Debug|Any CPU
		{D01BC4B8-9977-4C75-9035-E1FA937EADD4}.Debug|Any CPU.Build.0 = Debug|Any CPU
		{D01BC4B8-9977-4C75-9035-E1FA937EADD4}.Release|Any CPU.ActiveCfg = Release|Any CPU
		{D01BC4B8-9977-4C75-9035-E1FA937EADD4}.Release|Any CPU.Build.0 = Release|Any CPU
		{E3E4986C-01C5-4607-A09C-E680E577F91D}.Debug|Any CPU.ActiveCfg = Debug|Any CPU
		{E3E4986C-01C5-4607-A09C-E680E577F91D}.Debug|Any CPU.Build.0 = Debug|Any CPU
		{E3E4986C-01C5-4607-A09C-E680E577F91D}.Release|Any CPU.ActiveCfg = Release|Any CPU
		{E3E4986C-01C5-4607-A09C-E680E577F91D}.Release|Any CPU.Build.0 = Release|Any CPU
		{AC2B5EC9-C5BF-4195-B803-35D8507146F3}.Debug|Any CPU.ActiveCfg = Debug|Any CPU
		{AC2B5EC9-C5BF-4195-B803-35D8507146F3}.Debug|Any CPU.Build.0 = Debug|Any CPU
		{AC2B5EC9-C5BF-4195-B803-35D8507146F3}.Release|Any CPU.ActiveCfg = Release|Any CPU
		{AC2B5EC9-C5BF-4195-B803-35D8507146F3}.Release|Any CPU.Build.0 = Release|Any CPU
		{BDB2CC0C-F910-46DE-ABAC-24B600053560}.Debug|Any CPU.ActiveCfg = Debug|Any CPU
		{BDB2CC0C-F910-46DE-ABAC-24B600053560}.Debug|Any CPU.Build.0 = Debug|Any CPU
		{BDB2CC0C-F910-46DE-ABAC-24B600053560}.Release|Any CPU.ActiveCfg = Release|Any CPU
		{BDB2CC0C-F910-46DE-ABAC-24B600053560}.Release|Any CPU.Build.0 = Release|Any CPU
		{1CAA5380-0984-42BF-B989-347E09862768}.Debug|Any CPU.ActiveCfg = Debug|Any CPU
		{1CAA5380-0984-42BF-B989-347E09862768}.Debug|Any CPU.Build.0 = Debug|Any CPU
		{1CAA5380-0984-42BF-B989-347E09862768}.Release|Any CPU.ActiveCfg = Release|Any CPU
		{1CAA5380-0984-42BF-B989-347E09862768}.Release|Any CPU.Build.0 = Release|Any CPU
		{D270EF3B-888A-4537-98BD-4A449B00FB8E}.Debug|Any CPU.ActiveCfg = Debug|Any CPU
		{D270EF3B-888A-4537-98BD-4A449B00FB8E}.Debug|Any CPU.Build.0 = Debug|Any CPU
		{D270EF3B-888A-4537-98BD-4A449B00FB8E}.Release|Any CPU.ActiveCfg = Release|Any CPU
		{D270EF3B-888A-4537-98BD-4A449B00FB8E}.Release|Any CPU.Build.0 = Release|Any CPU
		{F341BB42-4E4A-4CB0-8F6A-0D823B48063C}.Debug|Any CPU.ActiveCfg = Debug|Any CPU
		{F341BB42-4E4A-4CB0-8F6A-0D823B48063C}.Debug|Any CPU.Build.0 = Debug|Any CPU
		{F341BB42-4E4A-4CB0-8F6A-0D823B48063C}.Release|Any CPU.ActiveCfg = Release|Any CPU
		{F341BB42-4E4A-4CB0-8F6A-0D823B48063C}.Release|Any CPU.Build.0 = Release|Any CPU
		{8963F123-D467-4213-BE50-4B89ADEFD9D7}.Debug|Any CPU.ActiveCfg = Debug|Any CPU
		{8963F123-D467-4213-BE50-4B89ADEFD9D7}.Debug|Any CPU.Build.0 = Debug|Any CPU
		{8963F123-D467-4213-BE50-4B89ADEFD9D7}.Release|Any CPU.ActiveCfg = Release|Any CPU
		{8963F123-D467-4213-BE50-4B89ADEFD9D7}.Release|Any CPU.Build.0 = Release|Any CPU
		{90F84518-4169-4793-ABD9-D9B26E25AA9D}.Debug|Any CPU.ActiveCfg = Debug|Any CPU
		{90F84518-4169-4793-ABD9-D9B26E25AA9D}.Debug|Any CPU.Build.0 = Debug|Any CPU
		{90F84518-4169-4793-ABD9-D9B26E25AA9D}.Release|Any CPU.ActiveCfg = Release|Any CPU
		{90F84518-4169-4793-ABD9-D9B26E25AA9D}.Release|Any CPU.Build.0 = Release|Any CPU
		{B70F9276-17F4-483E-8968-69BB45200557}.Debug|Any CPU.ActiveCfg = Debug|Any CPU
		{B70F9276-17F4-483E-8968-69BB45200557}.Debug|Any CPU.Build.0 = Debug|Any CPU
		{B70F9276-17F4-483E-8968-69BB45200557}.Release|Any CPU.ActiveCfg = Release|Any CPU
		{B70F9276-17F4-483E-8968-69BB45200557}.Release|Any CPU.Build.0 = Release|Any CPU
		{6C7F8926-E0B9-46AA-8347-1A72A1272CB0}.Debug|Any CPU.ActiveCfg = Debug|Any CPU
		{6C7F8926-E0B9-46AA-8347-1A72A1272CB0}.Debug|Any CPU.Build.0 = Debug|Any CPU
		{6C7F8926-E0B9-46AA-8347-1A72A1272CB0}.Release|Any CPU.ActiveCfg = Release|Any CPU
		{6C7F8926-E0B9-46AA-8347-1A72A1272CB0}.Release|Any CPU.Build.0 = Release|Any CPU
		{D6BE43A6-3B41-474D-A38F-DF979B6B4323}.Debug|Any CPU.ActiveCfg = Debug|Any CPU
		{D6BE43A6-3B41-474D-A38F-DF979B6B4323}.Debug|Any CPU.Build.0 = Debug|Any CPU
		{D6BE43A6-3B41-474D-A38F-DF979B6B4323}.Release|Any CPU.ActiveCfg = Release|Any CPU
		{D6BE43A6-3B41-474D-A38F-DF979B6B4323}.Release|Any CPU.Build.0 = Release|Any CPU
		{E0DA3149-1EB1-4D2D-99B3-D9B462541EDF}.Debug|Any CPU.ActiveCfg = Debug|Any CPU
		{E0DA3149-1EB1-4D2D-99B3-D9B462541EDF}.Debug|Any CPU.Build.0 = Debug|Any CPU
		{E0DA3149-1EB1-4D2D-99B3-D9B462541EDF}.Release|Any CPU.ActiveCfg = Release|Any CPU
		{E0DA3149-1EB1-4D2D-99B3-D9B462541EDF}.Release|Any CPU.Build.0 = Release|Any CPU
		{9894954C-13A3-41FF-8A35-7EE42089D3DC}.Debug|Any CPU.ActiveCfg = Debug|Any CPU
		{9894954C-13A3-41FF-8A35-7EE42089D3DC}.Debug|Any CPU.Build.0 = Debug|Any CPU
		{9894954C-13A3-41FF-8A35-7EE42089D3DC}.Release|Any CPU.ActiveCfg = Release|Any CPU
		{9894954C-13A3-41FF-8A35-7EE42089D3DC}.Release|Any CPU.Build.0 = Release|Any CPU
		{54C21B07-11E2-4634-9843-A8AF5E784892}.Debug|Any CPU.ActiveCfg = Debug|Any CPU
		{54C21B07-11E2-4634-9843-A8AF5E784892}.Debug|Any CPU.Build.0 = Debug|Any CPU
		{54C21B07-11E2-4634-9843-A8AF5E784892}.Release|Any CPU.ActiveCfg = Release|Any CPU
		{54C21B07-11E2-4634-9843-A8AF5E784892}.Release|Any CPU.Build.0 = Release|Any CPU
		{3A2820D5-1B90-48A3-AA74-B8C9808F6788}.Debug|Any CPU.ActiveCfg = Debug|Any CPU
		{3A2820D5-1B90-48A3-AA74-B8C9808F6788}.Debug|Any CPU.Build.0 = Debug|Any CPU
		{3A2820D5-1B90-48A3-AA74-B8C9808F6788}.Release|Any CPU.ActiveCfg = Release|Any CPU
		{3A2820D5-1B90-48A3-AA74-B8C9808F6788}.Release|Any CPU.Build.0 = Release|Any CPU
		{9A2A1B10-8731-4686-9BCC-2CB8E16CEE75}.Debug|Any CPU.ActiveCfg = Debug|Any CPU
		{9A2A1B10-8731-4686-9BCC-2CB8E16CEE75}.Debug|Any CPU.Build.0 = Debug|Any CPU
		{9A2A1B10-8731-4686-9BCC-2CB8E16CEE75}.Release|Any CPU.ActiveCfg = Release|Any CPU
		{9A2A1B10-8731-4686-9BCC-2CB8E16CEE75}.Release|Any CPU.Build.0 = Release|Any CPU
		{C7C74356-44BB-4357-B838-416D55700104}.Debug|Any CPU.ActiveCfg = Debug|Any CPU
		{C7C74356-44BB-4357-B838-416D55700104}.Debug|Any CPU.Build.0 = Debug|Any CPU
		{C7C74356-44BB-4357-B838-416D55700104}.Release|Any CPU.ActiveCfg = Release|Any CPU
		{C7C74356-44BB-4357-B838-416D55700104}.Release|Any CPU.Build.0 = Release|Any CPU
	EndGlobalSection
	GlobalSection(SolutionProperties) = preSolution
		HideSolutionNode = FALSE
	EndGlobalSection
	GlobalSection(NestedProjects) = preSolution
		{81DBB923-3D24-4961-8B58-9F1EB82B395D} = {37D35199-2A61-4A87-943F-06284BA0601F}
		{BE98D4E5-5EB5-4FD6-BB5F-1A2E8AB38E87} = {37D35199-2A61-4A87-943F-06284BA0601F}
		{4024AAA1-0211-49A2-AECF-962F9BD805F3} = {37D35199-2A61-4A87-943F-06284BA0601F}
		{082085DC-12C6-4937-801F-0FB2E934AE9E} = {37D35199-2A61-4A87-943F-06284BA0601F}
		{F0E0BE2A-8000-450D-A0AF-61570A9E0D21} = {37D35199-2A61-4A87-943F-06284BA0601F}
		{D70B95F7-C036-4BE8-B051-9BC386EE004F} = {37D35199-2A61-4A87-943F-06284BA0601F}
		{D01BC4B8-9977-4C75-9035-E1FA937EADD4} = {81DBB923-3D24-4961-8B58-9F1EB82B395D}
		{E3E4986C-01C5-4607-A09C-E680E577F91D} = {81DBB923-3D24-4961-8B58-9F1EB82B395D}
		{AC2B5EC9-C5BF-4195-B803-35D8507146F3} = {BE98D4E5-5EB5-4FD6-BB5F-1A2E8AB38E87}
		{BDB2CC0C-F910-46DE-ABAC-24B600053560} = {F0E0BE2A-8000-450D-A0AF-61570A9E0D21}
		{1CAA5380-0984-42BF-B989-347E09862768} = {4024AAA1-0211-49A2-AECF-962F9BD805F3}
		{D270EF3B-888A-4537-98BD-4A449B00FB8E} = {4024AAA1-0211-49A2-AECF-962F9BD805F3}
		{F341BB42-4E4A-4CB0-8F6A-0D823B48063C} = {4024AAA1-0211-49A2-AECF-962F9BD805F3}
		{8963F123-D467-4213-BE50-4B89ADEFD9D7} = {4024AAA1-0211-49A2-AECF-962F9BD805F3}
		{90F84518-4169-4793-ABD9-D9B26E25AA9D} = {4024AAA1-0211-49A2-AECF-962F9BD805F3}
		{B70F9276-17F4-483E-8968-69BB45200557} = {4024AAA1-0211-49A2-AECF-962F9BD805F3}
		{6C7F8926-E0B9-46AA-8347-1A72A1272CB0} = {082085DC-12C6-4937-801F-0FB2E934AE9E}
		{D6BE43A6-3B41-474D-A38F-DF979B6B4323} = {082085DC-12C6-4937-801F-0FB2E934AE9E}
		{E0DA3149-1EB1-4D2D-99B3-D9B462541EDF} = {D70B95F7-C036-4BE8-B051-9BC386EE004F}
		{F2A1D917-E456-4400-BFF7-53974861BF17} = {37D35199-2A61-4A87-943F-06284BA0601F}
		{9894954C-13A3-41FF-8A35-7EE42089D3DC} = {F2A1D917-E456-4400-BFF7-53974861BF17}
		{3868DD6B-04E3-4EFE-BDA1-7D1E6B6431E9} = {37D35199-2A61-4A87-943F-06284BA0601F}
		{54C21B07-11E2-4634-9843-A8AF5E784892} = {3868DD6B-04E3-4EFE-BDA1-7D1E6B6431E9}
		{3A2820D5-1B90-48A3-AA74-B8C9808F6788} = {BE98D4E5-5EB5-4FD6-BB5F-1A2E8AB38E87}
		{8C30A1BE-1410-462D-83F9-58DDEBAF0250} = {082085DC-12C6-4937-801F-0FB2E934AE9E}
		{9A2A1B10-8731-4686-9BCC-2CB8E16CEE75} = {8C30A1BE-1410-462D-83F9-58DDEBAF0250}
		{C7C74356-44BB-4357-B838-416D55700104} = {8C30A1BE-1410-462D-83F9-58DDEBAF0250}
	EndGlobalSection
	GlobalSection(ExtensibilityGlobals) = postSolution
		SolutionGuid = {F1EC2575-6EC6-4129-B7D4-70A1C3CFBD1E}
	EndGlobalSection
EndGlobal
